{
  "name": "nullcord",
  "version": "3.1.0",
  "lockfileVersion": 2,
  "requires": true,
  "packages": {
    "": {
      "name": "nullcord",
      "version": "3.1.0",
      "license": "MIT",
      "dependencies": {
        "gxlg-utils": "^1.2.0",
        "ws": "^8.16.0"
      }
    },
    "node_modules/gxlg-utils": {
      "version": "1.2.0",
      "resolved": "https://registry.npmjs.org/gxlg-utils/-/gxlg-utils-1.2.0.tgz",
      "integrity": "sha512-4poVVhAjY1jqerlnFtbQtX7uOp180xNkSDetWeh9XiT3l7JlhwzKMKxn9rrJfx8Or+jgZ95Ci0lZcTCmbpxUag=="
    },
    "node_modules/ws": {
      "version": "8.16.0",
      "resolved": "https://registry.npmjs.org/ws/-/ws-8.16.0.tgz",
      "integrity": "sha512-HS0c//TP7Ina87TfiPUz1rQzMhHrl/SG2guqRcTOIUYD2q8uhUdNHZYJUaQ8aTGPzCh+c6oawMKW35nFl1dxyQ==",
      "engines": {
        "node": ">=10.0.0"
      },
      "peerDependencies": {
        "bufferutil": "^4.0.1",
        "utf-8-validate": ">=5.0.2"
      },
      "peerDependenciesMeta": {
        "bufferutil": {
          "optional": true
        },
        "utf-8-validate": {
          "optional": true
        }
      }
    }
  },
  "dependencies": {
    "gxlg-utils": {
      "version": "1.2.0",
      "resolved": "https://registry.npmjs.org/gxlg-utils/-/gxlg-utils-1.2.0.tgz",
      "integrity": "sha512-4poVVhAjY1jqerlnFtbQtX7uOp180xNkSDetWeh9XiT3l7JlhwzKMKxn9rrJfx8Or+jgZ95Ci0lZcTCmbpxUag=="
    },
    "ws": {
      "version": "8.16.0",
      "resolved": "https://registry.npmjs.org/ws/-/ws-8.16.0.tgz",
      "integrity": "sha512-HS0c//TP7Ina87TfiPUz1rQzMhHrl/SG2guqRcTOIUYD2q8uhUdNHZYJUaQ8aTGPzCh+c6oawMKW35nFl1dxyQ==",
      "requires": {}
    }
  }
}
