{
  "name": "nullcord",
  "version": "3.2.4",
  "lockfileVersion": 2,
  "requires": true,
  "packages": {
    "": {
      "name": "nullcord",
      "version": "3.2.4",
      "license": "MIT",
      "dependencies": {
        "gxlg-utils": "^1.2.0",
        "ws": "^8.18.0"
      }
    },
    "node_modules/gxlg-utils": {
      "version": "1.2.0",
      "resolved": "https://registry.npmjs.org/gxlg-utils/-/gxlg-utils-1.2.0.tgz",
      "integrity": "sha512-4poVVhAjY1jqerlnFtbQtX7uOp180xNkSDetWeh9XiT3l7JlhwzKMKxn9rrJfx8Or+jgZ95Ci0lZcTCmbpxUag=="
    },
    "node_modules/ws": {
      "version": "8.18.0",
      "resolved": "https://registry.npmjs.org/ws/-/ws-8.18.0.tgz",
      "integrity": "sha512-8VbfWfHLbbwu3+N6OKsOMpBdT4kXPDDB9cJk2bJ6mh9ucxdlnNvH1e+roYkKmN9Nxw2yjz7VzeO9oOz2zJ04Pw==",
      "license": "MIT",
      "engines": {
        "node": ">=10.0.0"
      },
      "peerDependencies": {
        "bufferutil": "^4.0.1",
        "utf-8-validate": ">=5.0.2"
      },
      "peerDependenciesMeta": {
        "bufferutil": {
          "optional": true
        },
        "utf-8-validate": {
          "optional": true
        }
      }
    }
  },
  "dependencies": {
    "gxlg-utils": {
      "version": "1.2.0",
      "resolved": "https://registry.npmjs.org/gxlg-utils/-/gxlg-utils-1.2.0.tgz",
      "integrity": "sha512-4poVVhAjY1jqerlnFtbQtX7uOp180xNkSDetWeh9XiT3l7JlhwzKMKxn9rrJfx8Or+jgZ95Ci0lZcTCmbpxUag=="
    },
    "ws": {
      "version": "8.18.0",
      "resolved": "https://registry.npmjs.org/ws/-/ws-8.18.0.tgz",
      "integrity": "sha512-8VbfWfHLbbwu3+N6OKsOMpBdT4kXPDDB9cJk2bJ6mh9ucxdlnNvH1e+roYkKmN9Nxw2yjz7VzeO9oOz2zJ04Pw==",
      "requires": {}
    }
  }
}
