{
  "name": "nullcord",
  "version": "2.4.5",
  "lockfileVersion": 2,
  "requires": true,
  "packages": {
    "": {
      "name": "nullcord",
      "version": "2.4.5",
      "license": "MIT",
      "dependencies": {
        "gxlg-utils": "^1.1.2",
        "ws": "^8.14.2"
      }
    },
    "node_modules/gxlg-utils": {
      "version": "1.1.2",
      "resolved": "https://registry.npmjs.org/gxlg-utils/-/gxlg-utils-1.1.2.tgz",
      "integrity": "sha512-wgANPXKYbefhzDSZWy6VXVCrF2tUc2iACugF0ElBnwUK5VpY00AJWbZfTimJXNS79v7pTTgqu8o10+BjkAvK1g=="
    },
    "node_modules/ws": {
      "version": "8.14.2",
      "resolved": "https://registry.npmjs.org/ws/-/ws-8.14.2.tgz",
      "integrity": "sha512-wEBG1ftX4jcglPxgFCMJmZ2PLtSbJ2Peg6TmpJFTbe9GZYOQCDPdMYu/Tm0/bGZkw8paZnJY45J4K2PZrLYq8g==",
      "engines": {
        "node": ">=10.0.0"
      },
      "peerDependencies": {
        "bufferutil": "^4.0.1",
        "utf-8-validate": ">=5.0.2"
      },
      "peerDependenciesMeta": {
        "bufferutil": {
          "optional": true
        },
        "utf-8-validate": {
          "optional": true
        }
      }
    }
  },
  "dependencies": {
    "gxlg-utils": {
      "version": "1.1.2",
      "resolved": "https://registry.npmjs.org/gxlg-utils/-/gxlg-utils-1.1.2.tgz",
      "integrity": "sha512-wgANPXKYbefhzDSZWy6VXVCrF2tUc2iACugF0ElBnwUK5VpY00AJWbZfTimJXNS79v7pTTgqu8o10+BjkAvK1g=="
    },
    "ws": {
      "version": "8.14.2",
      "resolved": "https://registry.npmjs.org/ws/-/ws-8.14.2.tgz",
      "integrity": "sha512-wEBG1ftX4jcglPxgFCMJmZ2PLtSbJ2Peg6TmpJFTbe9GZYOQCDPdMYu/Tm0/bGZkw8paZnJY45J4K2PZrLYq8g==",
      "requires": {}
    }
  }
}
